Microsoft Visual Studio Solution File, Format Version 12.00
# Visual Studio Version 17
VisualStudioVersion = 17.10.35027.167
MinimumVisualStudioVersion = 10.0.40219.1
Project("{9A19103F-16F7-4668-BE54-9A1E7A4F7556}") = "CsharpAdvance", "CsharpAdvance\CsharpAdvance.csproj", "{3FF0F4D9-189C-4405-8F40-9F669FEB1E31}"
EndProject
Project("{FAE04EC0-301F-11D3-BF4B-00C04F79EFBC}") = "SwaggerExample", "SwaggerExample\SwaggerExample.csproj", "{D45D6B4C-2A34-4CC8-B75F-9012F8FC83FE}"
EndProject
Global
	GlobalSection(SolutionConfigurationPlatforms) = preSolution
		Debug|Any CPU = Debug|Any CPU
		Release|Any CPU = Release|Any CPU
	EndGlobalSection
	GlobalSection(ProjectConfigurationPlatforms) = postSolution
		{3FF0F4D9-189C-4405-8F40-9F669FEB1E31}.Debug|Any CPU.ActiveCfg = Debug|Any CPU
		{3FF0F4D9-189C-4405-8F40-9F669FEB1E31}.Debug|Any CPU.Build.0 = Debug|Any CPU
		{3FF0F4D9-189C-4405-8F40-9F669FEB1E31}.Release|Any CPU.ActiveCfg = Release|Any CPU
		{3FF0F4D9-189C-4405-8F40-9F669FEB1E31}.Release|Any CPU.Build.0 = Release|Any CPU
		{D45D6B4C-2A34-4CC8-B75F-9012F8FC83FE}.Debug|Any CPU.ActiveCfg = Debug|Any CPU
		{D45D6B4C-2A34-4CC8-B75F-9012F8FC83FE}.Debug|Any CPU.Build.0 = Debug|Any CPU
		{D45D6B4C-2A34-4CC8-B75F-9012F8FC83FE}.Release|Any CPU.ActiveCfg = Release|Any CPU
		{D45D6B4C-2A34-4CC8-B75F-9012F8FC83FE}.Release|Any CPU.Build.0 = Release|Any CPU
	EndGlobalSection
	GlobalSection(SolutionProperties) = preSolution
		HideSolutionNode = FALSE
	EndGlobalSection
	GlobalSection(ExtensibilityGlobals) = postSolution
		SolutionGuid = {915438F6-C4B8-4DD8-AB75-71966AEC863D}
	EndGlobalSection
EndGlobal
