
Microsoft Visual Studio Solution File, Format Version 12.00
# Visual Studio Version 17
VisualStudioVersion = 17.1.32228.430
MinimumVisualStudioVersion = 10.0.40219.1
Project("{9A19103F-16F7-4668-BE54-9A1E7A4F7556}") = "Http.API", "src\Http.API\Http.API.csproj", "{47439004-13F3-4A35-A824-4E679E5368E1}"
EndProject
Project("{2150E333-8FDC-42A3-9474-1A3956D46DE8}") = "src", "src", "{FB9BEFB4-E921-476F-AC1B-B589C2CA2562}"
EndProject
Project("{2150E333-8FDC-42A3-9474-1A3956D46DE8}") = "test", "test", "{7FEE554D-ABB8-40A3-8F56-DB0F7D47CBFD}"
EndProject
Project("{9A19103F-16F7-4668-BE54-9A1E7A4F7556}") = "Application", "src\Application\Application.csproj", "{604DD880-14E9-4475-9380-19660BB64F98}"
EndProject
Project("{2150E333-8FDC-42A3-9474-1A3956D46DE8}") = "config", "config", "{F4A37FAE-B90C-481B-AD56-427CE7D95364}"
	ProjectSection(SolutionItems) = preProject
		.dry-config.json = .dry-config.json
		.editorconfig = .editorconfig
		.config\dotnet-tools.json = .config\dotnet-tools.json
	EndProjectSection
EndProject
Project("{2150E333-8FDC-42A3-9474-1A3956D46DE8}") = "scripts", "scripts", "{8377B34A-79F0-47E0-96E1-0AF7B2ACE75C}"
	ProjectSection(SolutionItems) = preProject
		scripts\EFMigrations.ps1 = scripts\EFMigrations.ps1
		scripts\RunAPI.ps1 = scripts\RunAPI.ps1
		scripts\UpdateMenus.ps1 = scripts\UpdateMenus.ps1
	EndProjectSection
EndProject
Project("{2150E333-8FDC-42A3-9474-1A3956D46DE8}") = "docs", "docs", "{171177E5-11DA-47B2-B9C3-EDFC480A9C6E}"
	ProjectSection(SolutionItems) = preProject
		docs\docs.md = docs\docs.md
	EndProjectSection
EndProject
Project("{2150E333-8FDC-42A3-9474-1A3956D46DE8}") = "Microservice", "Microservice", "{D484E244-0AF0-455A-9F2C-8A04CE46AA5A}"
EndProject
Project("{2150E333-8FDC-42A3-9474-1A3956D46DE8}") = "Infrastructure", "Infrastructure", "{FF4255E1-DD92-4795-ADD0-A44872A1EDC2}"
EndProject
Project("{9A19103F-16F7-4668-BE54-9A1E7A4F7556}") = "Ater.Web.Core", "src\Infrastructure\Ater.Web.Core\Ater.Web.Core.csproj", "{679DCD9B-68AD-4274-A7F3-2511993BF86B}"
EndProject
Project("{9A19103F-16F7-4668-BE54-9A1E7A4F7556}") = "Ater.Web.Abstraction", "src\Infrastructure\Ater.Web.Abstraction\Ater.Web.Abstraction.csproj", "{F2DACAE1-B157-4E25-A753-E7F051AE7C7E}"
EndProject
Project("{2150E333-8FDC-42A3-9474-1A3956D46DE8}") = "Definition", "Definition", "{E38B3A3A-73DC-43D7-91CD-076D88D89B0D}"
EndProject
Project("{9A19103F-16F7-4668-BE54-9A1E7A4F7556}") = "Entity", "src\Definition\Entity\Entity.csproj", "{08B60176-8E39-41D3-9176-4960F4D592ED}"
EndProject
Project("{9A19103F-16F7-4668-BE54-9A1E7A4F7556}") = "EntityFramework", "src\Definition\EntityFramework\EntityFramework.csproj", "{08784BC9-C5C8-49E9-9968-8501C347F522}"
EndProject
Project("{9A19103F-16F7-4668-BE54-9A1E7A4F7556}") = "Share", "src\Definition\Share\Share.csproj", "{54FBA007-BD91-434C-A53F-5CC477B64FB4}"
EndProject
Project("{2150E333-8FDC-42A3-9474-1A3956D46DE8}") = "runtime", "runtime", "{D509B8F8-C6F1-41EA-B32C-6ADAA6F65DE0}"
EndProject
Project("{9A19103F-16F7-4668-BE54-9A1E7A4F7556}") = "Application.Test", "test\Application.Test\Application.Test.csproj", "{DA3EA84C-F0A4-4B15-9B70-812C3201B200}"
EndProject
Project("{2150E333-8FDC-42A3-9474-1A3956D46DE8}") = "Modules", "Modules", "{77B911D8-9335-4C1F-BBF8-4398F9C174F4}"
EndProject
Project("{9A19103F-16F7-4668-BE54-9A1E7A4F7556}") = "SystemMod", "src\Modules\SystemMod\SystemMod.csproj", "{7F03C729-E8EC-412E-8799-0A41B2031182}"
EndProject
Project("{2150E333-8FDC-42A3-9474-1A3956D46DE8}") = "ClientApp", "ClientApp", "{7809DB97-1EDF-429B-8715-78E3E272996C}"
EndProject
Project("{9A19103F-16F7-4668-BE54-9A1E7A4F7556}") = "Vote", "src\ClientApp\Vote\Vote.csproj", "{602B364A-6C00-4658-967D-BB236456148C}"
EndProject
Project("{9A19103F-16F7-4668-BE54-9A1E7A4F7556}") = "ClientAPI", "src\ClientApp\ClientAPI\ClientAPI.csproj", "{8A532C72-4898-4AF6-AFD7-2AA11EECB066}"
EndProject
Project("{FAE04EC0-301F-11D3-BF4B-00C04F79EFBC}") = "API.Test", "test\API\API.Test.csproj", "{2AE6DFC8-1D57-47E6-A521-CD35288E1AA7}"
EndProject
Global
	GlobalSection(SolutionConfigurationPlatforms) = preSolution
		Debug|Any CPU = Debug|Any CPU
		Release|Any CPU = Release|Any CPU
	EndGlobalSection
	GlobalSection(ProjectConfigurationPlatforms) = postSolution
		{47439004-13F3-4A35-A824-4E679E5368E1}.Debug|Any CPU.ActiveCfg = Debug|Any CPU
		{47439004-13F3-4A35-A824-4E679E5368E1}.Debug|Any CPU.Build.0 = Debug|Any CPU
		{47439004-13F3-4A35-A824-4E679E5368E1}.Release|Any CPU.ActiveCfg = Release|Any CPU
		{47439004-13F3-4A35-A824-4E679E5368E1}.Release|Any CPU.Build.0 = Release|Any CPU
		{604DD880-14E9-4475-9380-19660BB64F98}.Debug|Any CPU.ActiveCfg = Debug|Any CPU
		{604DD880-14E9-4475-9380-19660BB64F98}.Debug|Any CPU.Build.0 = Debug|Any CPU
		{604DD880-14E9-4475-9380-19660BB64F98}.Release|Any CPU.ActiveCfg = Release|Any CPU
		{604DD880-14E9-4475-9380-19660BB64F98}.Release|Any CPU.Build.0 = Release|Any CPU
		{679DCD9B-68AD-4274-A7F3-2511993BF86B}.Debug|Any CPU.ActiveCfg = Debug|Any CPU
		{679DCD9B-68AD-4274-A7F3-2511993BF86B}.Debug|Any CPU.Build.0 = Debug|Any CPU
		{679DCD9B-68AD-4274-A7F3-2511993BF86B}.Release|Any CPU.ActiveCfg = Release|Any CPU
		{679DCD9B-68AD-4274-A7F3-2511993BF86B}.Release|Any CPU.Build.0 = Release|Any CPU
		{F2DACAE1-B157-4E25-A753-E7F051AE7C7E}.Debug|Any CPU.ActiveCfg = Debug|Any CPU
		{F2DACAE1-B157-4E25-A753-E7F051AE7C7E}.Debug|Any CPU.Build.0 = Debug|Any CPU
		{F2DACAE1-B157-4E25-A753-E7F051AE7C7E}.Release|Any CPU.ActiveCfg = Release|Any CPU
		{F2DACAE1-B157-4E25-A753-E7F051AE7C7E}.Release|Any CPU.Build.0 = Release|Any CPU
		{08B60176-8E39-41D3-9176-4960F4D592ED}.Debug|Any CPU.ActiveCfg = Debug|Any CPU
		{08B60176-8E39-41D3-9176-4960F4D592ED}.Debug|Any CPU.Build.0 = Debug|Any CPU
		{08B60176-8E39-41D3-9176-4960F4D592ED}.Release|Any CPU.ActiveCfg = Release|Any CPU
		{08B60176-8E39-41D3-9176-4960F4D592ED}.Release|Any CPU.Build.0 = Release|Any CPU
		{08784BC9-C5C8-49E9-9968-8501C347F522}.Debug|Any CPU.ActiveCfg = Debug|Any CPU
		{08784BC9-C5C8-49E9-9968-8501C347F522}.Debug|Any CPU.Build.0 = Debug|Any CPU
		{08784BC9-C5C8-49E9-9968-8501C347F522}.Release|Any CPU.ActiveCfg = Release|Any CPU
		{08784BC9-C5C8-49E9-9968-8501C347F522}.Release|Any CPU.Build.0 = Release|Any CPU
		{54FBA007-BD91-434C-A53F-5CC477B64FB4}.Debug|Any CPU.ActiveCfg = Debug|Any CPU
		{54FBA007-BD91-434C-A53F-5CC477B64FB4}.Debug|Any CPU.Build.0 = Debug|Any CPU
		{54FBA007-BD91-434C-A53F-5CC477B64FB4}.Release|Any CPU.ActiveCfg = Release|Any CPU
		{54FBA007-BD91-434C-A53F-5CC477B64FB4}.Release|Any CPU.Build.0 = Release|Any CPU
		{DA3EA84C-F0A4-4B15-9B70-812C3201B200}.Debug|Any CPU.ActiveCfg = Debug|Any CPU
		{DA3EA84C-F0A4-4B15-9B70-812C3201B200}.Debug|Any CPU.Build.0 = Debug|Any CPU
		{DA3EA84C-F0A4-4B15-9B70-812C3201B200}.Release|Any CPU.ActiveCfg = Release|Any CPU
		{DA3EA84C-F0A4-4B15-9B70-812C3201B200}.Release|Any CPU.Build.0 = Release|Any CPU
		{7F03C729-E8EC-412E-8799-0A41B2031182}.Debug|Any CPU.ActiveCfg = Debug|Any CPU
		{7F03C729-E8EC-412E-8799-0A41B2031182}.Debug|Any CPU.Build.0 = Debug|Any CPU
		{7F03C729-E8EC-412E-8799-0A41B2031182}.Release|Any CPU.ActiveCfg = Release|Any CPU
		{7F03C729-E8EC-412E-8799-0A41B2031182}.Release|Any CPU.Build.0 = Release|Any CPU
		{602B364A-6C00-4658-967D-BB236456148C}.Debug|Any CPU.ActiveCfg = Debug|Any CPU
		{602B364A-6C00-4658-967D-BB236456148C}.Debug|Any CPU.Build.0 = Debug|Any CPU
		{602B364A-6C00-4658-967D-BB236456148C}.Release|Any CPU.ActiveCfg = Release|Any CPU
		{602B364A-6C00-4658-967D-BB236456148C}.Release|Any CPU.Build.0 = Release|Any CPU
		{8A532C72-4898-4AF6-AFD7-2AA11EECB066}.Debug|Any CPU.ActiveCfg = Debug|Any CPU
		{8A532C72-4898-4AF6-AFD7-2AA11EECB066}.Debug|Any CPU.Build.0 = Debug|Any CPU
		{8A532C72-4898-4AF6-AFD7-2AA11EECB066}.Release|Any CPU.ActiveCfg = Release|Any CPU
		{8A532C72-4898-4AF6-AFD7-2AA11EECB066}.Release|Any CPU.Build.0 = Release|Any CPU
		{2AE6DFC8-1D57-47E6-A521-CD35288E1AA7}.Debug|Any CPU.ActiveCfg = Debug|Any CPU
		{2AE6DFC8-1D57-47E6-A521-CD35288E1AA7}.Debug|Any CPU.Build.0 = Debug|Any CPU
		{2AE6DFC8-1D57-47E6-A521-CD35288E1AA7}.Release|Any CPU.ActiveCfg = Release|Any CPU
		{2AE6DFC8-1D57-47E6-A521-CD35288E1AA7}.Release|Any CPU.Build.0 = Release|Any CPU
	EndGlobalSection
	GlobalSection(SolutionProperties) = preSolution
		HideSolutionNode = FALSE
	EndGlobalSection
	GlobalSection(NestedProjects) = preSolution
		{47439004-13F3-4A35-A824-4E679E5368E1} = {FB9BEFB4-E921-476F-AC1B-B589C2CA2562}
		{604DD880-14E9-4475-9380-19660BB64F98} = {FB9BEFB4-E921-476F-AC1B-B589C2CA2562}
		{D484E244-0AF0-455A-9F2C-8A04CE46AA5A} = {FB9BEFB4-E921-476F-AC1B-B589C2CA2562}
		{FF4255E1-DD92-4795-ADD0-A44872A1EDC2} = {FB9BEFB4-E921-476F-AC1B-B589C2CA2562}
		{679DCD9B-68AD-4274-A7F3-2511993BF86B} = {FF4255E1-DD92-4795-ADD0-A44872A1EDC2}
		{F2DACAE1-B157-4E25-A753-E7F051AE7C7E} = {FF4255E1-DD92-4795-ADD0-A44872A1EDC2}
		{E38B3A3A-73DC-43D7-91CD-076D88D89B0D} = {FB9BEFB4-E921-476F-AC1B-B589C2CA2562}
		{08B60176-8E39-41D3-9176-4960F4D592ED} = {E38B3A3A-73DC-43D7-91CD-076D88D89B0D}
		{08784BC9-C5C8-49E9-9968-8501C347F522} = {E38B3A3A-73DC-43D7-91CD-076D88D89B0D}
		{54FBA007-BD91-434C-A53F-5CC477B64FB4} = {E38B3A3A-73DC-43D7-91CD-076D88D89B0D}
		{DA3EA84C-F0A4-4B15-9B70-812C3201B200} = {7FEE554D-ABB8-40A3-8F56-DB0F7D47CBFD}
		{77B911D8-9335-4C1F-BBF8-4398F9C174F4} = {FB9BEFB4-E921-476F-AC1B-B589C2CA2562}
		{7F03C729-E8EC-412E-8799-0A41B2031182} = {77B911D8-9335-4C1F-BBF8-4398F9C174F4}
		{7809DB97-1EDF-429B-8715-78E3E272996C} = {FB9BEFB4-E921-476F-AC1B-B589C2CA2562}
		{602B364A-6C00-4658-967D-BB236456148C} = {7809DB97-1EDF-429B-8715-78E3E272996C}
		{8A532C72-4898-4AF6-AFD7-2AA11EECB066} = {7809DB97-1EDF-429B-8715-78E3E272996C}
		{2AE6DFC8-1D57-47E6-A521-CD35288E1AA7} = {7FEE554D-ABB8-40A3-8F56-DB0F7D47CBFD}
	EndGlobalSection
	GlobalSection(ExtensibilityGlobals) = postSolution
		SolutionGuid = {E9C122E1-F965-4DE0-BA4B-CFC5D269C768}
	EndGlobalSection
EndGlobal
